
Microsoft Visual Studio Solution File, Format Version 12.00
# Visual Studio Version 17
VisualStudioVersion = 17.4.32916.344
MinimumVisualStudioVersion = 10.0.40219.1
Project("{9A19103F-16F7-4668-BE54-9A1E7A4F7556}") = "BlazorserverWithTinymceBlazor", "BlazorserverWithTinymceBlazor\BlazorserverWithTinymceBlazor.csproj", "{AF2F65F3-F23E-41B1-B1A5-88DE49204548}"
EndProject
Project("{FAE04EC0-301F-11D3-BF4B-00C04F79EFBC}") = "BlazorserverWithTinymceStepbyStep", "..\BlazorserverWithTinymceStepbyStep\BlazorserverWithTinymceStepbyStep.csproj", "{5E30A4C3-BC8B-4502-A095-41C5E09E6959}"
EndProject
Global
	GlobalSection(SolutionConfigurationPlatforms) = preSolution
		Debug|Any CPU = Debug|Any CPU
		Release|Any CPU = Release|Any CPU
	EndGlobalSection
	GlobalSection(ProjectConfigurationPlatforms) = postSolution
		{AF2F65F3-F23E-41B1-B1A5-88DE49204548}.Debug|Any CPU.ActiveCfg = Debug|Any CPU
		{AF2F65F3-F23E-41B1-B1A5-88DE49204548}.Debug|Any CPU.Build.0 = Debug|Any CPU
		{AF2F65F3-F23E-41B1-B1A5-88DE49204548}.Release|Any CPU.ActiveCfg = Release|Any CPU
		{AF2F65F3-F23E-41B1-B1A5-88DE49204548}.Release|Any CPU.Build.0 = Release|Any CPU
		{5E30A4C3-BC8B-4502-A095-41C5E09E6959}.Debug|Any CPU.ActiveCfg = Debug|Any CPU
		{5E30A4C3-BC8B-4502-A095-41C5E09E6959}.Debug|Any CPU.Build.0 = Debug|Any CPU
		{5E30A4C3-BC8B-4502-A095-41C5E09E6959}.Release|Any CPU.ActiveCfg = Release|Any CPU
		{5E30A4C3-BC8B-4502-A095-41C5E09E6959}.Release|Any CPU.Build.0 = Release|Any CPU
	EndGlobalSection
	GlobalSection(SolutionProperties) = preSolution
		HideSolutionNode = FALSE
	EndGlobalSection
	GlobalSection(ExtensibilityGlobals) = postSolution
		SolutionGuid = {B728BCE5-D9D1-4221-B1C2-3CD5A747E5CB}
	EndGlobalSection
EndGlobal
